version = 1
requires-python = ">=3.12"

[[package]]
name = "anyio"
version = "4.4.0"
source = { registry = "https://pypi.org/simple" }
dependencies = [
    { name = "idna" },
    { name = "sniffio" },
]
sdist = { url = "https://files.pythonhosted.org/packages/e6/e3/c4c8d473d6780ef1853d630d581f70d655b4f8d7553c6997958c283039a2/anyio-4.4.0.tar.gz", hash = "sha256:5aadc6a1bbb7cdb0bede386cac5e2940f5e2ff3aa20277e991cf028e0585ce94", size = 163930 }
wheels = [
    { url = "https://files.pythonhosted.org/packages/7b/a2/10639a79341f6c019dedc95bd48a4928eed9f1d1197f4c04f546fc7ae0ff/anyio-4.4.0-py3-none-any.whl", hash = "sha256:c1b2d8f46a8a812513012e1107cb0e68c17159a7a594208005a57dc776e1bdc7", size = 86780 },
]

[[package]]
name = "bluebird"
version = "0.1.0"
source = { editable = "." }
dependencies = [
    { name = "discord-webhook" },
    { name = "httpx" },
    { name = "loguru" },
    { name = "loguru-discord" },
    { name = "python-dotenv" },
]

[package.dev-dependencies]
dev = [
    { name = "ruff" },
]

[package.metadata]
requires-dist = [
    { name = "discord-webhook", specifier = ">=1.3.1" },
    { name = "httpx", specifier = ">=0.27.0" },
    { name = "loguru", specifier = ">=0.7.2" },
    { name = "loguru-discord", specifier = ">=1.3.1" },
    { name = "python-dotenv", specifier = ">=1.0.1" },
]

[package.metadata.requires-dev]
dev = [{ name = "ruff" }]

[[package]]
name = "certifi"
version = "2024.7.4"
source = { registry = "https://pypi.org/simple" }
sdist = { url = "https://files.pythonhosted.org/packages/c2/02/a95f2b11e207f68bc64d7aae9666fed2e2b3f307748d5123dffb72a1bbea/certifi-2024.7.4.tar.gz", hash = "sha256:5a1e7645bc0ec61a09e26c36f6106dd4cf40c6db3a1fb6352b0244e7fb057c7b", size = 164065 }
wheels = [
    { url = "https://files.pythonhosted.org/packages/1c/d5/c84e1a17bf61d4df64ca866a1c9a913874b4e9bdc131ec689a0ad013fb36/certifi-2024.7.4-py3-none-any.whl", hash = "sha256:c198e21b1289c2ab85ee4e67bb4b4ef3ead0892059901a8d5b622f24a1101e90", size = 162960 },
]

[[package]]
name = "charset-normalizer"
version = "3.3.2"
source = { registry = "https://pypi.org/simple" }
sdist = { url = "https://files.pythonhosted.org/packages/63/09/c1bc53dab74b1816a00d8d030de5bf98f724c52c1635e07681d312f20be8/charset-normalizer-3.3.2.tar.gz", hash = "sha256:f30c3cb33b24454a82faecaf01b19c18562b1e89558fb6c56de4d9118a032fd5", size = 104809 }
wheels = [
    { url = "https://files.pythonhosted.org/packages/d1/b2/fcedc8255ec42afee97f9e6f0145c734bbe104aac28300214593eb326f1d/charset_normalizer-3.3.2-cp312-cp312-macosx_10_9_universal2.whl", hash = "sha256:0b2b64d2bb6d3fb9112bafa732def486049e63de9618b5843bcdd081d8144cd8", size = 192892 },
    { url = "https://files.pythonhosted.org/packages/2e/7d/2259318c202f3d17f3fe6438149b3b9e706d1070fe3fcbb28049730bb25c/charset_normalizer-3.3.2-cp312-cp312-macosx_10_9_x86_64.whl", hash = "sha256:ddbb2551d7e0102e7252db79ba445cdab71b26640817ab1e3e3648dad515003b", size = 122213 },
    { url = "https://files.pythonhosted.org/packages/3a/52/9f9d17c3b54dc238de384c4cb5a2ef0e27985b42a0e5cc8e8a31d918d48d/charset_normalizer-3.3.2-cp312-cp312-macosx_11_0_arm64.whl", hash = "sha256:55086ee1064215781fff39a1af09518bc9255b50d6333f2e4c74ca09fac6a8f6", size = 119404 },
    { url = "https://files.pythonhosted.org/packages/99/b0/9c365f6d79a9f0f3c379ddb40a256a67aa69c59609608fe7feb6235896e1/charset_normalizer-3.3.2-cp312-cp312-manylinux_2_17_aarch64.manylinux2014_aarch64.whl", hash = "sha256:8f4a014bc36d3c57402e2977dada34f9c12300af536839dc38c0beab8878f38a", size = 137275 },
    { url = "https://files.pythonhosted.org/packages/91/33/749df346e93d7a30cdcb90cbfdd41a06026317bfbfb62cd68307c1a3c543/charset_normalizer-3.3.2-cp312-cp312-manylinux_2_17_ppc64le.manylinux2014_ppc64le.whl", hash = "sha256:a10af20b82360ab00827f916a6058451b723b4e65030c5a18577c8b2de5b3389", size = 147518 },
    { url = "https://files.pythonhosted.org/packages/72/1a/641d5c9f59e6af4c7b53da463d07600a695b9824e20849cb6eea8a627761/charset_normalizer-3.3.2-cp312-cp312-manylinux_2_17_s390x.manylinux2014_s390x.whl", hash = "sha256:8d756e44e94489e49571086ef83b2bb8ce311e730092d2c34ca8f7d925cb20aa", size = 140182 },
    { url = "https://files.pythonhosted.org/packages/ee/fb/14d30eb4956408ee3ae09ad34299131fb383c47df355ddb428a7331cfa1e/charset_normalizer-3.3.2-cp312-cp312-manylinux_2_17_x86_64.manylinux2014_x86_64.whl", hash = "sha256:90d558489962fd4918143277a773316e56c72da56ec7aa3dc3dbbe20fdfed15b", size = 141869 },
    { url = "https://files.pythonhosted.org/packages/df/3e/a06b18788ca2eb6695c9b22325b6fde7dde0f1d1838b1792a0076f58fe9d/charset_normalizer-3.3.2-cp312-cp312-manylinux_2_5_i686.manylinux1_i686.manylinux_2_17_i686.manylinux2014_i686.whl", hash = "sha256:6ac7ffc7ad6d040517be39eb591cac5ff87416c2537df6ba3cba3bae290c0fed", size = 144042 },
    { url = "https://files.pythonhosted.org/packages/45/59/3d27019d3b447a88fe7e7d004a1e04be220227760264cc41b405e863891b/charset_normalizer-3.3.2-cp312-cp312-musllinux_1_1_aarch64.whl", hash = "sha256:7ed9e526742851e8d5cc9e6cf41427dfc6068d4f5a3bb03659444b4cabf6bc26", size = 138275 },
    { url = "https://files.pythonhosted.org/packages/7b/ef/5eb105530b4da8ae37d506ccfa25057961b7b63d581def6f99165ea89c7e/charset_normalizer-3.3.2-cp312-cp312-musllinux_1_1_i686.whl", hash = "sha256:8bdb58ff7ba23002a4c5808d608e4e6c687175724f54a5dade5fa8c67b604e4d", size = 144819 },
    { url = "https://files.pythonhosted.org/packages/a2/51/e5023f937d7f307c948ed3e5c29c4b7a3e42ed2ee0b8cdf8f3a706089bf0/charset_normalizer-3.3.2-cp312-cp312-musllinux_1_1_ppc64le.whl", hash = "sha256:6b3251890fff30ee142c44144871185dbe13b11bab478a88887a639655be1068", size = 149415 },
    { url = "https://files.pythonhosted.org/packages/24/9d/2e3ef673dfd5be0154b20363c5cdcc5606f35666544381bee15af3778239/charset_normalizer-3.3.2-cp312-cp312-musllinux_1_1_s390x.whl", hash = "sha256:b4a23f61ce87adf89be746c8a8974fe1c823c891d8f86eb218bb957c924bb143", size = 141212 },
    { url = "https://files.pythonhosted.org/packages/5b/ae/ce2c12fcac59cb3860b2e2d76dc405253a4475436b1861d95fe75bdea520/charset_normalizer-3.3.2-cp312-cp312-musllinux_1_1_x86_64.whl", hash = "sha256:efcb3f6676480691518c177e3b465bcddf57cea040302f9f4e6e191af91174d4", size = 142167 },
    { url = "https://files.pythonhosted.org/packages/ed/3a/a448bf035dce5da359daf9ae8a16b8a39623cc395a2ffb1620aa1bce62b0/charset_normalizer-3.3.2-cp312-cp312-win32.whl", hash = "sha256:d965bba47ddeec8cd560687584e88cf699fd28f192ceb452d1d7ee807c5597b7", size = 93041 },
    { url = "https://files.pythonhosted.org/packages/b6/7c/8debebb4f90174074b827c63242c23851bdf00a532489fba57fef3416e40/charset_normalizer-3.3.2-cp312-cp312-win_amd64.whl", hash = "sha256:96b02a3dc4381e5494fad39be677abcb5e6634bf7b4fa83a6dd3112607547001", size = 100397 },
    { url = "https://files.pythonhosted.org/packages/28/76/e6222113b83e3622caa4bb41032d0b1bf785250607392e1b778aca0b8a7d/charset_normalizer-3.3.2-py3-none-any.whl", hash = "sha256:3e4d1f6587322d2788836a99c69062fbb091331ec940e02d12d179c1d53e25fc", size = 48543 },
]

[[package]]
name = "colorama"
version = "0.4.6"
source = { registry = "https://pypi.org/simple" }
sdist = { url = "https://files.pythonhosted.org/packages/d8/53/6f443c9a4a8358a93a6792e2acffb9d9d5cb0a5cfd8802644b7b1c9a02e4/colorama-0.4.6.tar.gz", hash = "sha256:08695f5cb7ed6e0531a20572697297273c47b8cae5a63ffc6d6ed5c201be6e44", size = 27697 }
wheels = [
    { url = "https://files.pythonhosted.org/packages/d1/d6/3965ed04c63042e047cb6a3e6ed1a63a35087b6a609aa3a15ed8ac56c221/colorama-0.4.6-py2.py3-none-any.whl", hash = "sha256:4f1d9991f5acc0ca119f9d443620b77f9d6b33703e51011c16baf57afb285fc6", size = 25335 },
]

[[package]]
name = "discord-webhook"
version = "1.3.1"
source = { registry = "https://pypi.org/simple" }
dependencies = [
    { name = "requests" },
]
sdist = { url = "https://files.pythonhosted.org/packages/e8/e6/660b07356a15d98787d893f879efc404eb15176312d457f2f6f7090acd32/discord_webhook-1.3.1.tar.gz", hash = "sha256:ee3e0f3ea4f3dc8dc42be91f75b894a01624c6c13fea28e23ebcf9a6c9a304f7", size = 11715 }
wheels = [
    { url = "https://files.pythonhosted.org/packages/92/e2/eed83ebc8d88da0930143a6dd1d0ba0b6deba1fd91b956f21c23a2608510/discord_webhook-1.3.1-py3-none-any.whl", hash = "sha256:ede07028316de76d24eb811836e2b818b2017510da786777adcb0d5970e7af79", size = 13206 },
]

[[package]]
name = "h11"
version = "0.14.0"
source = { registry = "https://pypi.org/simple" }
sdist = { url = "https://files.pythonhosted.org/packages/f5/38/3af3d3633a34a3316095b39c8e8fb4853a28a536e55d347bd8d8e9a14b03/h11-0.14.0.tar.gz", hash = "sha256:8f19fbbe99e72420ff35c00b27a34cb9937e902a8b810e2c88300c6f0a3b699d", size = 100418 }
wheels = [
    { url = "https://files.pythonhosted.org/packages/95/04/ff642e65ad6b90db43e668d70ffb6736436c7ce41fcc549f4e9472234127/h11-0.14.0-py3-none-any.whl", hash = "sha256:e3fe4ac4b851c468cc8363d500db52c2ead036020723024a109d37346efaa761", size = 58259 },
]

[[package]]
name = "httpcore"
version = "1.0.5"
source = { registry = "https://pypi.org/simple" }
dependencies = [
    { name = "certifi" },
    { name = "h11" },
]
sdist = { url = "https://files.pythonhosted.org/packages/17/b0/5e8b8674f8d203335a62fdfcfa0d11ebe09e23613c3391033cbba35f7926/httpcore-1.0.5.tar.gz", hash = "sha256:34a38e2f9291467ee3b44e89dd52615370e152954ba21721378a87b2960f7a61", size = 83234 }
wheels = [
    { url = "https://files.pythonhosted.org/packages/78/d4/e5d7e4f2174f8a4d63c8897d79eb8fe2503f7ecc03282fee1fa2719c2704/httpcore-1.0.5-py3-none-any.whl", hash = "sha256:421f18bac248b25d310f3cacd198d55b8e6125c107797b609ff9b7a6ba7991b5", size = 77926 },
]

[[package]]
name = "httpx"
version = "0.27.0"
source = { registry = "https://pypi.org/simple" }
dependencies = [
    { name = "anyio" },
    { name = "certifi" },
    { name = "httpcore" },
    { name = "idna" },
    { name = "sniffio" },
]
sdist = { url = "https://files.pythonhosted.org/packages/5c/2d/3da5bdf4408b8b2800061c339f240c1802f2e82d55e50bd39c5a881f47f0/httpx-0.27.0.tar.gz", hash = "sha256:a0cb88a46f32dc874e04ee956e4c2764aba2aa228f650b06788ba6bda2962ab5", size = 126413 }
wheels = [
    { url = "https://files.pythonhosted.org/packages/41/7b/ddacf6dcebb42466abd03f368782142baa82e08fc0c1f8eaa05b4bae87d5/httpx-0.27.0-py3-none-any.whl", hash = "sha256:71d5465162c13681bff01ad59b2cc68dd838ea1f10e51574bac27103f00c91a5", size = 75590 },
]

[[package]]
name = "idna"
version = "3.8"
source = { registry = "https://pypi.org/simple" }
sdist = { url = "https://files.pythonhosted.org/packages/e8/ac/e349c5e6d4543326c6883ee9491e3921e0d07b55fdf3cce184b40d63e72a/idna-3.8.tar.gz", hash = "sha256:d838c2c0ed6fced7693d5e8ab8e734d5f8fda53a039c0164afb0b82e771e3603", size = 189467 }
wheels = [
    { url = "https://files.pythonhosted.org/packages/22/7e/d71db821f177828df9dea8c42ac46473366f191be53080e552e628aad991/idna-3.8-py3-none-any.whl", hash = "sha256:050b4e5baadcd44d760cedbd2b8e639f2ff89bbc7a5730fcc662954303377aac", size = 66894 },
]

[[package]]
name = "loguru"
version = "0.7.2"
source = { registry = "https://pypi.org/simple" }
dependencies = [
    { name = "colorama", marker = "sys_platform == 'win32'" },
    { name = "win32-setctime", marker = "sys_platform == 'win32'" },
]
sdist = { url = "https://files.pythonhosted.org/packages/9e/30/d87a423766b24db416a46e9335b9602b054a72b96a88a241f2b09b560fa8/loguru-0.7.2.tar.gz", hash = "sha256:e671a53522515f34fd406340ee968cb9ecafbc4b36c679da03c18fd8d0bd51ac", size = 145103 }
wheels = [
    { url = "https://files.pythonhosted.org/packages/03/0a/4f6fed21aa246c6b49b561ca55facacc2a44b87d65b8b92362a8e99ba202/loguru-0.7.2-py3-none-any.whl", hash = "sha256:003d71e3d3ed35f0f8984898359d65b79e5b21943f78af86aa5491210429b8eb", size = 62549 },
]

[[package]]
name = "loguru-discord"
version = "1.3.1"
source = { registry = "https://pypi.org/simple" }
dependencies = [
    { name = "discord-webhook" },
]
sdist = { url = "https://files.pythonhosted.org/packages/54/69/01d67866bf1a932566693a9748c6e8cf9732bd194513c2b6d6c1f02a879b/loguru_discord-1.3.1.tar.gz", hash = "sha256:a3c94e6286d1b161910a2e4d10f353039999349586f9c4caad727facd174b46a", size = 4208 }
wheels = [
    { url = "https://files.pythonhosted.org/packages/a4/ef/a4f3e4c060d6a0af74bf3a3771817333f48b9ff94cc8e260d9858434c4ea/loguru_discord-1.3.1-py3-none-any.whl", hash = "sha256:e0282affc34cb3c6844decc4e383b6bd3ef49d496114c11cb0ab6d59b867ab30", size = 5411 },
]

[[package]]
name = "python-dotenv"
version = "1.0.1"
source = { registry = "https://pypi.org/simple" }
sdist = { url = "https://files.pythonhosted.org/packages/bc/57/e84d88dfe0aec03b7a2d4327012c1627ab5f03652216c63d49846d7a6c58/python-dotenv-1.0.1.tar.gz", hash = "sha256:e324ee90a023d808f1959c46bcbc04446a10ced277783dc6ee09987c37ec10ca", size = 39115 }
wheels = [
    { url = "https://files.pythonhosted.org/packages/6a/3e/b68c118422ec867fa7ab88444e1274aa40681c606d59ac27de5a5588f082/python_dotenv-1.0.1-py3-none-any.whl", hash = "sha256:f7b63ef50f1b690dddf550d03497b66d609393b40b564ed0d674909a68ebf16a", size = 19863 },
]

[[package]]
name = "requests"
version = "2.32.3"
source = { registry = "https://pypi.org/simple" }
dependencies = [
    { name = "certifi" },
    { name = "charset-normalizer" },
    { name = "idna" },
    { name = "urllib3" },
]
sdist = { url = "https://files.pythonhosted.org/packages/63/70/2bf7780ad2d390a8d301ad0b550f1581eadbd9a20f896afe06353c2a2913/requests-2.32.3.tar.gz", hash = "sha256:55365417734eb18255590a9ff9eb97e9e1da868d4ccd6402399eaf68af20a760", size = 131218 }
wheels = [
    { url = "https://files.pythonhosted.org/packages/f9/9b/335f9764261e915ed497fcdeb11df5dfd6f7bf257d4a6a2a686d80da4d54/requests-2.32.3-py3-none-any.whl", hash = "sha256:70761cfe03c773ceb22aa2f671b4757976145175cdfca038c02654d061d6dcc6", size = 64928 },
]

[[package]]
name = "ruff"
version = "0.6.2"
source = { registry = "https://pypi.org/simple" }
sdist = { url = "https://files.pythonhosted.org/packages/23/f4/279d044f66b79261fd37df76bf72b64471afab5d3b7906a01499c4451910/ruff-0.6.2.tar.gz", hash = "sha256:239ee6beb9e91feb8e0ec384204a763f36cb53fb895a1a364618c6abb076b3be", size = 2460281 }
wheels = [
    { url = "https://files.pythonhosted.org/packages/72/4b/47dd7a69287afb4069fa42c198e899463605460a58120196711bfcf0446b/ruff-0.6.2-py3-none-linux_armv6l.whl", hash = "sha256:5c8cbc6252deb3ea840ad6a20b0f8583caab0c5ef4f9cca21adc5a92b8f79f3c", size = 9695871 },
    { url = "https://files.pythonhosted.org/packages/ae/c3/8aac62ac4638c14a740ee76a755a925f2d0d04580ab790a9887accb729f6/ruff-0.6.2-py3-none-macosx_10_12_x86_64.whl", hash = "sha256:17002fe241e76544448a8e1e6118abecbe8cd10cf68fde635dad480dba594570", size = 9459354 },
    { url = "https://files.pythonhosted.org/packages/2f/cf/77fbd8d4617b9b9c503f9bffb8552c4e3ea1a58dc36975e7a9104ffb0f85/ruff-0.6.2-py3-none-macosx_11_0_arm64.whl", hash = "sha256:3dbeac76ed13456f8158b8f4fe087bf87882e645c8e8b606dd17b0b66c2c1158", size = 9163871 },
    { url = "https://files.pythonhosted.org/packages/05/1c/765192bab32b79efbb498b06f0b9dcb3629112b53b8777ae1d19b8209e09/ruff-0.6.2-py3-none-manylinux_2_17_aarch64.manylinux2014_aarch64.whl", hash = "sha256:094600ee88cda325988d3f54e3588c46de5c18dae09d683ace278b11f9d4d534", size = 10096250 },
    { url = "https://files.pythonhosted.org/packages/08/d0/86f3cb0f6934c99f759c232984a5204d67a26745cad2d9edff6248adf7d2/ruff-0.6.2-py3-none-manylinux_2_17_armv7l.manylinux2014_armv7l.whl", hash = "sha256:316d418fe258c036ba05fbf7dfc1f7d3d4096db63431546163b472285668132b", size = 9475376 },
    { url = "https://files.pythonhosted.org/packages/cd/cc/4c8d0e225b559a3fae6092ec310d7150d3b02b4669e9223f783ef64d82c0/ruff-0.6.2-py3-none-manylinux_2_17_i686.manylinux2014_i686.whl", hash = "sha256:d72b8b3abf8a2d51b7b9944a41307d2f442558ccb3859bbd87e6ae9be1694a5d", size = 10295634 },
    { url = "https://files.pythonhosted.org/packages/db/96/d2699cfb1bb5a01c68122af43454c76c31331e1c8a9bd97d653d7c82524b/ruff-0.6.2-py3-none-manylinux_2_17_ppc64.manylinux2014_ppc64.whl", hash = "sha256:2aed7e243be68487aa8982e91c6e260982d00da3f38955873aecd5a9204b1d66", size = 11024941 },
    { url = "https://files.pythonhosted.org/packages/8b/a9/6ecd66af8929e0f2a1ed308a4137f3521789f28f0eb97d32c2ca3aa7000c/ruff-0.6.2-py3-none-manylinux_2_17_ppc64le.manylinux2014_ppc64le.whl", hash = "sha256:d371f7fc9cec83497fe7cf5eaf5b76e22a8efce463de5f775a1826197feb9df8", size = 10606894 },
    { url = "https://files.pythonhosted.org/packages/e4/73/2ee4cd19f44992fedac1cc6db9e3d825966072f6dcbd4032f21cbd063170/ruff-0.6.2-py3-none-manylinux_2_17_s390x.manylinux2014_s390x.whl", hash = "sha256:a8f310d63af08f583363dfb844ba8f9417b558199c58a5999215082036d795a1", size = 11552886 },
    { url = "https://files.pythonhosted.org/packages/60/4c/c0f1cd35ce4a93c54a6bb1ee6934a3a205fa02198dd076678193853ceea1/ruff-0.6.2-py3-none-manylinux_2_17_x86_64.manylinux2014_x86_64.whl", hash = "sha256:7db6880c53c56addb8638fe444818183385ec85eeada1d48fc5abe045301b2f1", size = 10264945 },
    { url = "https://files.pythonhosted.org/packages/c4/89/e45c9359b9cdd4245512ea2b9f2bb128a997feaa5f726fc9e8c7a66afadf/ruff-0.6.2-py3-none-musllinux_1_2_aarch64.whl", hash = "sha256:1175d39faadd9a50718f478d23bfc1d4da5743f1ab56af81a2b6caf0a2394f23", size = 10100007 },
    { url = "https://files.pythonhosted.org/packages/06/74/0bd4e0a7ed5f6908df87892f9bf60a2356c0fd74102d8097298bd9b4f346/ruff-0.6.2-py3-none-musllinux_1_2_armv7l.whl", hash = "sha256:5b939f9c86d51635fe486585389f54582f0d65b8238e08c327c1534844b3bb9a", size = 9559267 },
    { url = "https://files.pythonhosted.org/packages/54/03/3dc6dc9419f276f05805bf888c279e3e0b631284abd548d9e87cebb93aec/ruff-0.6.2-py3-none-musllinux_1_2_i686.whl", hash = "sha256:d0d62ca91219f906caf9b187dea50d17353f15ec9bb15aae4a606cd697b49b4c", size = 9905304 },
    { url = "https://files.pythonhosted.org/packages/5c/5b/d6a72a6a6bbf097c09de468326ef5fa1c9e7aa5e6e45979bc0d984b0dbe7/ruff-0.6.2-py3-none-musllinux_1_2_x86_64.whl", hash = "sha256:7438a7288f9d67ed3c8ce4d059e67f7ed65e9fe3aa2ab6f5b4b3610e57e3cb56", size = 10341480 },
    { url = "https://files.pythonhosted.org/packages/79/a9/0f2f21fe15ba537c46598f96aa9ae4a3d4b9ec64926664617ca6a8c772f4/ruff-0.6.2-py3-none-win32.whl", hash = "sha256:279d5f7d86696df5f9549b56b9b6a7f6c72961b619022b5b7999b15db392a4da", size = 7961901 },
    { url = "https://files.pythonhosted.org/packages/b0/80/fff12ffe11853d9f4ea3e5221e6dd2e93640a161c05c9579833e09ad40a7/ruff-0.6.2-py3-none-win_amd64.whl", hash = "sha256:d9f3469c7dd43cd22eb1c3fc16926fb8258d50cb1b216658a07be95dd117b0f2", size = 8783320 },
    { url = "https://files.pythonhosted.org/packages/56/91/577cdd64cce5e74d3f8b5ecb93f29566def569c741eb008aed4f331ef821/ruff-0.6.2-py3-none-win_arm64.whl", hash = "sha256:f28fcd2cd0e02bdf739297516d5643a945cc7caf09bd9bcb4d932540a5ea4fa9", size = 8225886 },
]

[[package]]
name = "sniffio"
version = "1.3.1"
source = { registry = "https://pypi.org/simple" }
sdist = { url = "https://files.pythonhosted.org/packages/a2/87/a6771e1546d97e7e041b6ae58d80074f81b7d5121207425c964ddf5cfdbd/sniffio-1.3.1.tar.gz", hash = "sha256:f4324edc670a0f49750a81b895f35c3adb843cca46f0530f79fc1babb23789dc", size = 20372 }
wheels = [
    { url = "https://files.pythonhosted.org/packages/e9/44/75a9c9421471a6c4805dbf2356f7c181a29c1879239abab1ea2cc8f38b40/sniffio-1.3.1-py3-none-any.whl", hash = "sha256:2f6da418d1f1e0fddd844478f41680e794e6051915791a034ff65e5f100525a2", size = 10235 },
]

[[package]]
name = "urllib3"
version = "2.2.2"
source = { registry = "https://pypi.org/simple" }
sdist = { url = "https://files.pythonhosted.org/packages/43/6d/fa469ae21497ddc8bc93e5877702dca7cb8f911e337aca7452b5724f1bb6/urllib3-2.2.2.tar.gz", hash = "sha256:dd505485549a7a552833da5e6063639d0d177c04f23bc3864e41e5dc5f612168", size = 292266 }
wheels = [
    { url = "https://files.pythonhosted.org/packages/ca/1c/89ffc63a9605b583d5df2be791a27bc1a42b7c32bab68d3c8f2f73a98cd4/urllib3-2.2.2-py3-none-any.whl", hash = "sha256:a448b2f64d686155468037e1ace9f2d2199776e17f0a46610480d311f73e3472", size = 121444 },
]

[[package]]
name = "win32-setctime"
version = "1.1.0"
source = { registry = "https://pypi.org/simple" }
sdist = { url = "https://files.pythonhosted.org/packages/6b/dd/f95a13d2b235a28d613ba23ebad55191514550debb968b46aab99f2e3a30/win32_setctime-1.1.0.tar.gz", hash = "sha256:15cf5750465118d6929ae4de4eb46e8edae9a5634350c01ba582df868e932cb2", size = 3676 }
wheels = [
    { url = "https://files.pythonhosted.org/packages/0a/e6/a7d828fef907843b2a5773ebff47fb79ac0c1c88d60c0ca9530ee941e248/win32_setctime-1.1.0-py3-none-any.whl", hash = "sha256:231db239e959c2fe7eb1d7dc129f11172354f98361c4fa2d6d2d7e278baa8aad", size = 3604 },
]
